
Microsoft Visual Studio Solution File, Format Version 12.00
# Visual Studio Version 17
VisualStudioVersion = 17.5.002.0
MinimumVisualStudioVersion = 10.0.40219.1
Project("{9A19103F-16F7-4668-BE54-9A1E7A4F7556}") = "TestGen", "TestGen\TestGen.csproj", "{CDBA2C7A-7CAF-4FA5-801D-865F2FCE97E6}"
EndProject
Global
	GlobalSection(SolutionConfigurationPlatforms) = preSolution
		Debug|Any CPU = Debug|Any CPU
		Release|Any CPU = Release|Any CPU
	EndGlobalSection
	GlobalSection(ProjectConfigurationPlatforms) = postSolution
		{CDBA2C7A-7CAF-4FA5-801D-865F2FCE97E6}.Debug|Any CPU.ActiveCfg = Debug|Any CPU
		{CDBA2C7A-7CAF-4FA5-801D-865F2FCE97E6}.Debug|Any CPU.Build.0 = Debug|Any CPU
		{CDBA2C7A-7CAF-4FA5-801D-865F2FCE97E6}.Release|Any CPU.ActiveCfg = Release|Any CPU
		{CDBA2C7A-7CAF-4FA5-801D-865F2FCE97E6}.Release|Any CPU.Build.0 = Release|Any CPU
	EndGlobalSection
	GlobalSection(SolutionProperties) = preSolution
		HideSolutionNode = FALSE
	EndGlobalSection
	GlobalSection(ExtensibilityGlobals) = postSolution
		SolutionGuid = {526A9FE7-58EB-4355-A3AE-529E96C152DE}
	EndGlobalSection
EndGlobal
